
Microsoft Visual Studio Solution File, Format Version 12.00
# Visual Studio Version 17
VisualStudioVersion = 17.14.35906.104 d17.14
MinimumVisualStudioVersion = 10.0.40219.1
Project("{FAE04EC0-301F-11D3-BF4B-00C04F79EFBC}") = "VDK_PILL", "VDK_PILL.csproj", "{D90138DE-0173-4396-99D5-384895CA4B7D}"
EndProject
Global
	GlobalSection(SolutionConfigurationPlatforms) = preSolution
		Debug|Any CPU = Debug|Any CPU
		Release|Any CPU = Release|Any CPU
	EndGlobalSection
	GlobalSection(ProjectConfigurationPlatforms) = postSolution
		{D90138DE-0173-4396-99D5-384895CA4B7D}.Debug|Any CPU.ActiveCfg = Debug|Any CPU
		{D90138DE-0173-4396-99D5-384895CA4B7D}.Debug|Any CPU.Build.0 = Debug|Any CPU
		{D90138DE-0173-4396-99D5-384895CA4B7D}.Release|Any CPU.ActiveCfg = Release|Any CPU
		{D90138DE-0173-4396-99D5-384895CA4B7D}.Release|Any CPU.Build.0 = Release|Any CPU
	EndGlobalSection
	GlobalSection(SolutionProperties) = preSolution
		HideSolutionNode = FALSE
	EndGlobalSection
	GlobalSection(ExtensibilityGlobals) = postSolution
		SolutionGuid = {D1AD8DC2-AC09-4DCE-8296-95C19756741B}
	EndGlobalSection
EndGlobal
